
Microsoft Visual Studio Solution File, Format Version 9.00
# Visual Studio 2005
Project("{FAE04EC0-301F-11D3-BF4B-00C04F79EFBC}") = "Framework", "Framework\Framework.csproj", "{C3A4C3E4-B54C-43C1-9ABB-1473FB1DBFEC}"
EndProject
Project("{FAE04EC0-301F-11D3-BF4B-00C04F79EFBC}") = "Runtime", "Runtime\Runtime.csproj", "{16351C71-CBD2-44FE-A6A1-61065464C732}"
EndProject
Project("{FAE04EC0-301F-11D3-BF4B-00C04F79EFBC}") = "Emitter", "Emitter\Emitter.csproj", "{D3264B1D-ADEB-4DFC-BCDC-FF5CE6E701BC}"
EndProject
Project("{FAE04EC0-301F-11D3-BF4B-00C04F79EFBC}") = "Runtime.Network", "Runtime.Network\Runtime.Network.csproj", "{B49AB1C5-62E4-431A-A1F1-1DE1255ACBD2}"
EndProject
Project("{FAE04EC0-301F-11D3-BF4B-00C04F79EFBC}") = "Tests", "Tests\Tests.csproj", "{CCFDC0A2-6182-4C9F-B6AB-3602A8687CE4}"
EndProject
Project("{FAE04EC0-301F-11D3-BF4B-00C04F79EFBC}") = "Examples.Mandelbrot", "Examples.Mandelbrot\Examples.Mandelbrot.csproj", "{F7D3F51B-4185-47C1-92D1-BDCE400EF374}"
EndProject
Project("{FAE04EC0-301F-11D3-BF4B-00C04F79EFBC}") = "Executables.DistributionServer", "Executables.DistributionServer\Executables.DistributionServer.csproj", "{A7E4ABB9-71CE-4D8C-AF2F-5CE97F7EE0E8}"
EndProject
Project("{FAE04EC0-301F-11D3-BF4B-00C04F79EFBC}") = "Executables.FmacjRun", "Executables.FmacjRun\Executables.FmacjRun.csproj", "{D2CC495A-5231-43BF-87F7-4341E75F5140}"
EndProject
Project("{FAE04EC0-301F-11D3-BF4B-00C04F79EFBC}") = "Executables.WorkClient", "Executables.WorkClient\Executables.WorkClient.csproj", "{5ED25AFC-013C-466B-B8AD-779F1FB52608}"
EndProject
Project("{FAE04EC0-301F-11D3-BF4B-00C04F79EFBC}") = "Components.TaskClient", "Components.TaskClient\Components.TaskClient.csproj", "{2A0BA69A-D98B-4F1F-A112-55BFFFBF3E32}"
EndProject
Global
	GlobalSection(SolutionConfigurationPlatforms) = preSolution
		Debug|Any CPU = Debug|Any CPU
		Release|Any CPU = Release|Any CPU
	EndGlobalSection
	GlobalSection(ProjectConfigurationPlatforms) = postSolution
		{16351C71-CBD2-44FE-A6A1-61065464C732}.Debug|Any CPU.ActiveCfg = Debug|Any CPU
		{16351C71-CBD2-44FE-A6A1-61065464C732}.Debug|Any CPU.Build.0 = Debug|Any CPU
		{16351C71-CBD2-44FE-A6A1-61065464C732}.Release|Any CPU.ActiveCfg = Release|Any CPU
		{16351C71-CBD2-44FE-A6A1-61065464C732}.Release|Any CPU.Build.0 = Release|Any CPU
		{2A0BA69A-D98B-4F1F-A112-55BFFFBF3E32}.Debug|Any CPU.ActiveCfg = Debug|Any CPU
		{2A0BA69A-D98B-4F1F-A112-55BFFFBF3E32}.Debug|Any CPU.Build.0 = Debug|Any CPU
		{2A0BA69A-D98B-4F1F-A112-55BFFFBF3E32}.Release|Any CPU.ActiveCfg = Release|Any CPU
		{2A0BA69A-D98B-4F1F-A112-55BFFFBF3E32}.Release|Any CPU.Build.0 = Release|Any CPU
		{5ED25AFC-013C-466B-B8AD-779F1FB52608}.Debug|Any CPU.ActiveCfg = Debug|Any CPU
		{5ED25AFC-013C-466B-B8AD-779F1FB52608}.Debug|Any CPU.Build.0 = Debug|Any CPU
		{5ED25AFC-013C-466B-B8AD-779F1FB52608}.Release|Any CPU.ActiveCfg = Release|Any CPU
		{5ED25AFC-013C-466B-B8AD-779F1FB52608}.Release|Any CPU.Build.0 = Release|Any CPU
		{A7E4ABB9-71CE-4D8C-AF2F-5CE97F7EE0E8}.Debug|Any CPU.ActiveCfg = Debug|Any CPU
		{A7E4ABB9-71CE-4D8C-AF2F-5CE97F7EE0E8}.Debug|Any CPU.Build.0 = Debug|Any CPU
		{A7E4ABB9-71CE-4D8C-AF2F-5CE97F7EE0E8}.Release|Any CPU.ActiveCfg = Release|Any CPU
		{A7E4ABB9-71CE-4D8C-AF2F-5CE97F7EE0E8}.Release|Any CPU.Build.0 = Release|Any CPU
		{B49AB1C5-62E4-431A-A1F1-1DE1255ACBD2}.Debug|Any CPU.ActiveCfg = Debug|Any CPU
		{B49AB1C5-62E4-431A-A1F1-1DE1255ACBD2}.Debug|Any CPU.Build.0 = Debug|Any CPU
		{B49AB1C5-62E4-431A-A1F1-1DE1255ACBD2}.Release|Any CPU.ActiveCfg = Release|Any CPU
		{B49AB1C5-62E4-431A-A1F1-1DE1255ACBD2}.Release|Any CPU.Build.0 = Release|Any CPU
		{C3A4C3E4-B54C-43C1-9ABB-1473FB1DBFEC}.Debug|Any CPU.ActiveCfg = Debug|Any CPU
		{C3A4C3E4-B54C-43C1-9ABB-1473FB1DBFEC}.Debug|Any CPU.Build.0 = Debug|Any CPU
		{C3A4C3E4-B54C-43C1-9ABB-1473FB1DBFEC}.Release|Any CPU.ActiveCfg = Release|Any CPU
		{C3A4C3E4-B54C-43C1-9ABB-1473FB1DBFEC}.Release|Any CPU.Build.0 = Release|Any CPU
		{CCFDC0A2-6182-4C9F-B6AB-3602A8687CE4}.Debug|Any CPU.ActiveCfg = Debug|Any CPU
		{CCFDC0A2-6182-4C9F-B6AB-3602A8687CE4}.Debug|Any CPU.Build.0 = Debug|Any CPU
		{CCFDC0A2-6182-4C9F-B6AB-3602A8687CE4}.Release|Any CPU.ActiveCfg = Release|Any CPU
		{CCFDC0A2-6182-4C9F-B6AB-3602A8687CE4}.Release|Any CPU.Build.0 = Release|Any CPU
		{D2CC495A-5231-43BF-87F7-4341E75F5140}.Debug|Any CPU.ActiveCfg = Debug|Any CPU
		{D2CC495A-5231-43BF-87F7-4341E75F5140}.Debug|Any CPU.Build.0 = Debug|Any CPU
		{D2CC495A-5231-43BF-87F7-4341E75F5140}.Release|Any CPU.ActiveCfg = Release|Any CPU
		{D2CC495A-5231-43BF-87F7-4341E75F5140}.Release|Any CPU.Build.0 = Release|Any CPU
		{D3264B1D-ADEB-4DFC-BCDC-FF5CE6E701BC}.Debug|Any CPU.ActiveCfg = Debug|Any CPU
		{D3264B1D-ADEB-4DFC-BCDC-FF5CE6E701BC}.Debug|Any CPU.Build.0 = Debug|Any CPU
		{D3264B1D-ADEB-4DFC-BCDC-FF5CE6E701BC}.Release|Any CPU.ActiveCfg = Release|Any CPU
		{D3264B1D-ADEB-4DFC-BCDC-FF5CE6E701BC}.Release|Any CPU.Build.0 = Release|Any CPU
		{F7D3F51B-4185-47C1-92D1-BDCE400EF374}.Debug|Any CPU.ActiveCfg = Debug|Any CPU
		{F7D3F51B-4185-47C1-92D1-BDCE400EF374}.Debug|Any CPU.Build.0 = Debug|Any CPU
		{F7D3F51B-4185-47C1-92D1-BDCE400EF374}.Release|Any CPU.ActiveCfg = Release|Any CPU
		{F7D3F51B-4185-47C1-92D1-BDCE400EF374}.Release|Any CPU.Build.0 = Release|Any CPU
	EndGlobalSection
	GlobalSection(MonoDevelopProperties) = preSolution
		version = 0.1
		StartupItem = Framework\Framework.csproj
	EndGlobalSection
EndGlobal
